
Microsoft Visual Studio Solution File, Format Version 12.00
# Visual Studio Version 16
VisualStudioVersion = 16.0.31313.79
MinimumVisualStudioVersion = 10.0.40219.1
Project("{FAE04EC0-301F-11D3-BF4B-00C04F79EFBC}") = "IssueMAnagementSystemV1.0", "IssueMAnagementSystemV1.0.csproj", "{BC94D3B3-2831-453D-9CE1-FBA43E0D09D0}"
EndProject
Global
	GlobalSection(SolutionConfigurationPlatforms) = preSolution
		Debug|Any CPU = Debug|Any CPU
		Release|Any CPU = Release|Any CPU
	EndGlobalSection
	GlobalSection(ProjectConfigurationPlatforms) = postSolution
		{BC94D3B3-2831-453D-9CE1-FBA43E0D09D0}.Debug|Any CPU.ActiveCfg = Debug|Any CPU
		{BC94D3B3-2831-453D-9CE1-FBA43E0D09D0}.Debug|Any CPU.Build.0 = Debug|Any CPU
		{BC94D3B3-2831-453D-9CE1-FBA43E0D09D0}.Release|Any CPU.ActiveCfg = Release|Any CPU
		{BC94D3B3-2831-453D-9CE1-FBA43E0D09D0}.Release|Any CPU.Build.0 = Release|Any CPU
	EndGlobalSection
	GlobalSection(SolutionProperties) = preSolution
		HideSolutionNode = FALSE
	EndGlobalSection
	GlobalSection(ExtensibilityGlobals) = postSolution
		SolutionGuid = {F7B81446-9BE4-4951-8D33-A4F5FEFB70A4}
	EndGlobalSection
EndGlobal
